// !$*UTF8*$!
{
	archiveVersion = 1;
	classes = {
	};
	objectVersion = 56;
	objects = {

/* Begin PBXBuildFile section */
		BFB135D0296E7DBE00311AA5 /* ReminderListStyle.swift in Sources */ = {isa = PBXBuildFile; fileRef = BFB135CF296E7DBE00311AA5 /* ReminderListStyle.swift */; };
		BFB135D2297084F100311AA5 /* ProgressHeaderView.swift in Sources */ = {isa = PBXBuildFile; fileRef = BFB135D1297084F100311AA5 /* ProgressHeaderView.swift */; };
		BFB135D42970916000311AA5 /* CAGradientLayer+ListStyle.swift in Sources */ = {isa = PBXBuildFile; fileRef = BFB135D32970916000311AA5 /* CAGradientLayer+ListStyle.swift */; };
		BFB135D6297125C300311AA5 /* TodayError.swift in Sources */ = {isa = PBXBuildFile; fileRef = BFB135D5297125C300311AA5 /* TodayError.swift */; };
		BFB135D82971268E00311AA5 /* EkEventStore+AsyncFetch.swift in Sources */ = {isa = PBXBuildFile; fileRef = BFB135D72971268E00311AA5 /* EkEventStore+AsyncFetch.swift */; };
		BFB135DA2971383C00311AA5 /* Reminder+EKReminder.swift in Sources */ = {isa = PBXBuildFile; fileRef = BFB135D92971383C00311AA5 /* Reminder+EKReminder.swift */; };
		BFB135DC2971394300311AA5 /* ReminderStore.swift in Sources */ = {isa = PBXBuildFile; fileRef = BFB135DB2971394300311AA5 /* ReminderStore.swift */; };
		BFB135DE297149FD00311AA5 /* EKReminder+Reminder.swift in Sources */ = {isa = PBXBuildFile; fileRef = BFB135DD297149FD00311AA5 /* EKReminder+Reminder.swift */; };
		BFF37CC92964A576001DDF41 /* AppDelegate.swift in Sources */ = {isa = PBXBuildFile; fileRef = BFF37CC82964A576001DDF41 /* AppDelegate.swift */; };
		BFF37CCB2964A576001DDF41 /* SceneDelegate.swift in Sources */ = {isa = PBXBuildFile; fileRef = BFF37CCA2964A576001DDF41 /* SceneDelegate.swift */; };
		BFF37CCD2964A576001DDF41 /* ReminderListViewController.swift in Sources */ = {isa = PBXBuildFile; fileRef = BFF37CCC2964A576001DDF41 /* ReminderListViewController.swift */; };
		BFF37CD02964A576001DDF41 /* Main.storyboard in Resources */ = {isa = PBXBuildFile; fileRef = BFF37CCE2964A576001DDF41 /* Main.storyboard */; };
		BFF37CD22964A577001DDF41 /* Assets.xcassets in Resources */ = {isa = PBXBuildFile; fileRef = BFF37CD12964A577001DDF41 /* Assets.xcassets */; };
		BFF37CD52964A577001DDF41 /* LaunchScreen.storyboard in Resources */ = {isa = PBXBuildFile; fileRef = BFF37CD32964A577001DDF41 /* LaunchScreen.storyboard */; };
		BFF37CE02964A577001DDF41 /* TodayTests.swift in Sources */ = {isa = PBXBuildFile; fileRef = BFF37CDF2964A577001DDF41 /* TodayTests.swift */; };
		BFF37CEA2964A577001DDF41 /* TodayUITests.swift in Sources */ = {isa = PBXBuildFile; fileRef = BFF37CE92964A577001DDF41 /* TodayUITests.swift */; };
		BFF37CEC2964A577001DDF41 /* TodayUITestsLaunchTests.swift in Sources */ = {isa = PBXBuildFile; fileRef = BFF37CEB2964A577001DDF41 /* TodayUITestsLaunchTests.swift */; };
		BFF37CFA2964A62A001DDF41 /* Reminder.swift in Sources */ = {isa = PBXBuildFile; fileRef = BFF37CF92964A62A001DDF41 /* Reminder.swift */; };
		BFF37CFC2964B601001DDF41 /* Date+Today.swift in Sources */ = {isa = PBXBuildFile; fileRef = BFF37CFB2964B601001DDF41 /* Date+Today.swift */; };
		BFF37CFF2964BAB9001DDF41 /* ReminderListViewController+DataSource.swift in Sources */ = {isa = PBXBuildFile; fileRef = BFF37CFE2964BAB9001DDF41 /* ReminderListViewController+DataSource.swift */; };
		BFF37D012964BF41001DDF41 /* UIColor+Today.swift in Sources */ = {isa = PBXBuildFile; fileRef = BFF37D002964BF41001DDF41 /* UIColor+Today.swift */; };
		BFF37D032966129D001DDF41 /* ReminderDoneButton.swift in Sources */ = {isa = PBXBuildFile; fileRef = BFF37D022966129D001DDF41 /* ReminderDoneButton.swift */; };
		BFF37D05296613AB001DDF41 /* ReminderListViewController+Actions.swift in Sources */ = {isa = PBXBuildFile; fileRef = BFF37D04296613AB001DDF41 /* ReminderListViewController+Actions.swift */; };
		BFF37D072966BDA2001DDF41 /* ReminderViewController.swift in Sources */ = {isa = PBXBuildFile; fileRef = BFF37D062966BDA2001DDF41 /* ReminderViewController.swift */; };
		BFF37D0A2966C01C001DDF41 /* ReminderViewController+row.swift in Sources */ = {isa = PBXBuildFile; fileRef = BFF37D092966C01C001DDF41 /* ReminderViewController+row.swift */; };
		BFF37D0C2966D52E001DDF41 /* ReminderViewController+Section.swift in Sources */ = {isa = PBXBuildFile; fileRef = BFF37D0B2966D52E001DDF41 /* ReminderViewController+Section.swift */; };
		BFF37D0E296B3F57001DDF41 /* PriorityContentView.swift in Sources */ = {isa = PBXBuildFile; fileRef = BFF37D0D296B3F57001DDF41 /* PriorityContentView.swift */; };
		BFF37D14296B49CC001DDF41 /* ReminderContentConfiguration.swift in Sources */ = {isa = PBXBuildFile; fileRef = BFF37D13296B49CC001DDF41 /* ReminderContentConfiguration.swift */; };
		BFF37D16296B4C3D001DDF41 /* ReminderViewController+CellConfiguration.swift in Sources */ = {isa = PBXBuildFile; fileRef = BFF37D15296B4C3D001DDF41 /* ReminderViewController+CellConfiguration.swift */; };
		BFF37D19296B50E2001DDF41 /* UIView+PinnedSubview.swift in Sources */ = {isa = PBXBuildFile; fileRef = BFF37D18296B50E2001DDF41 /* UIView+PinnedSubview.swift */; };
		BFF37D1B296B53F9001DDF41 /* TextfieldContentView.swift in Sources */ = {isa = PBXBuildFile; fileRef = BFF37D1A296B53F9001DDF41 /* TextfieldContentView.swift */; };
		BFF37D1D296B5649001DDF41 /* Configuration+Stateless.swift in Sources */ = {isa = PBXBuildFile; fileRef = BFF37D1C296B5649001DDF41 /* Configuration+Stateless.swift */; };
		BFF37D1F296DEC0D001DDF41 /* TextViewContentView.swift in Sources */ = {isa = PBXBuildFile; fileRef = BFF37D1E296DEC0D001DDF41 /* TextViewContentView.swift */; };
		BFF37D21296DED60001DDF41 /* DatePickerContentView.swift in Sources */ = {isa = PBXBuildFile; fileRef = BFF37D20296DED60001DDF41 /* DatePickerContentView.swift */; };
/* End PBXBuildFile section */

/* Begin PBXContainerItemProxy section */
		BFF37CDC2964A577001DDF41 /* PBXContainerItemProxy */ = {
			isa = PBXContainerItemProxy;
			containerPortal = BFF37CBD2964A576001DDF41 /* Project object */;
			proxyType = 1;
			remoteGlobalIDString = BFF37CC42964A576001DDF41;
			remoteInfo = Today;
		};
		BFF37CE62964A577001DDF41 /* PBXContainerItemProxy */ = {
			isa = PBXContainerItemProxy;
			containerPortal = BFF37CBD2964A576001DDF41 /* Project object */;
			proxyType = 1;
			remoteGlobalIDString = BFF37CC42964A576001DDF41;
			remoteInfo = Today;
		};
/* End PBXContainerItemProxy section */

/* Begin PBXFileReference section */
		BFB135CF296E7DBE00311AA5 /* ReminderListStyle.swift */ = {isa = PBXFileReference; lastKnownFileType = sourcecode.swift; path = ReminderListStyle.swift; sourceTree = "<group>"; };
		BFB135D1297084F100311AA5 /* ProgressHeaderView.swift */ = {isa = PBXFileReference; lastKnownFileType = sourcecode.swift; path = ProgressHeaderView.swift; sourceTree = "<group>"; };
		BFB135D32970916000311AA5 /* CAGradientLayer+ListStyle.swift */ = {isa = PBXFileReference; lastKnownFileType = sourcecode.swift; path = "CAGradientLayer+ListStyle.swift"; sourceTree = "<group>"; };
		BFB135D5297125C300311AA5 /* TodayError.swift */ = {isa = PBXFileReference; lastKnownFileType = sourcecode.swift; path = TodayError.swift; sourceTree = "<group>"; };
		BFB135D72971268E00311AA5 /* EkEventStore+AsyncFetch.swift */ = {isa = PBXFileReference; lastKnownFileType = sourcecode.swift; path = "EkEventStore+AsyncFetch.swift"; sourceTree = "<group>"; };
		BFB135D92971383C00311AA5 /* Reminder+EKReminder.swift */ = {isa = PBXFileReference; lastKnownFileType = sourcecode.swift; path = "Reminder+EKReminder.swift"; sourceTree = "<group>"; };
		BFB135DB2971394300311AA5 /* ReminderStore.swift */ = {isa = PBXFileReference; lastKnownFileType = sourcecode.swift; path = ReminderStore.swift; sourceTree = "<group>"; };
		BFB135DD297149FD00311AA5 /* EKReminder+Reminder.swift */ = {isa = PBXFileReference; lastKnownFileType = sourcecode.swift; path = "EKReminder+Reminder.swift"; sourceTree = "<group>"; };
		BFF37CC52964A576001DDF41 /* Today.app */ = {isa = PBXFileReference; explicitFileType = wrapper.application; includeInIndex = 0; path = Today.app; sourceTree = BUILT_PRODUCTS_DIR; };
		BFF37CC82964A576001DDF41 /* AppDelegate.swift */ = {isa = PBXFileReference; lastKnownFileType = sourcecode.swift; path = AppDelegate.swift; sourceTree = "<group>"; };
		BFF37CCA2964A576001DDF41 /* SceneDelegate.swift */ = {isa = PBXFileReference; lastKnownFileType = sourcecode.swift; path = SceneDelegate.swift; sourceTree = "<group>"; };
		BFF37CCC2964A576001DDF41 /* ReminderListViewController.swift */ = {isa = PBXFileReference; lastKnownFileType = sourcecode.swift; path = ReminderListViewController.swift; sourceTree = "<group>"; };
		BFF37CCF2964A576001DDF41 /* Base */ = {isa = PBXFileReference; lastKnownFileType = file.storyboard; name = Base; path = Base.lproj/Main.storyboard; sourceTree = "<group>"; };
		BFF37CD12964A577001DDF41 /* Assets.xcassets */ = {isa = PBXFileReference; lastKnownFileType = folder.assetcatalog; path = Assets.xcassets; sourceTree = "<group>"; };
		BFF37CD42964A577001DDF41 /* Base */ = {isa = PBXFileReference; lastKnownFileType = file.storyboard; name = Base; path = Base.lproj/LaunchScreen.storyboard; sourceTree = "<group>"; };
		BFF37CD62964A577001DDF41 /* Info.plist */ = {isa = PBXFileReference; lastKnownFileType = text.plist.xml; path = Info.plist; sourceTree = "<group>"; };
		BFF37CDB2964A577001DDF41 /* TodayTests.xctest */ = {isa = PBXFileReference; explicitFileType = wrapper.cfbundle; includeInIndex = 0; path = TodayTests.xctest; sourceTree = BUILT_PRODUCTS_DIR; };
		BFF37CDF2964A577001DDF41 /* TodayTests.swift */ = {isa = PBXFileReference; lastKnownFileType = sourcecode.swift; path = TodayTests.swift; sourceTree = "<group>"; };
		BFF37CE52964A577001DDF41 /* TodayUITests.xctest */ = {isa = PBXFileReference; explicitFileType = wrapper.cfbundle; includeInIndex = 0; path = TodayUITests.xctest; sourceTree = BUILT_PRODUCTS_DIR; };
		BFF37CE92964A577001DDF41 /* TodayUITests.swift */ = {isa = PBXFileReference; lastKnownFileType = sourcecode.swift; path = TodayUITests.swift; sourceTree = "<group>"; };
		BFF37CEB2964A577001DDF41 /* TodayUITestsLaunchTests.swift */ = {isa = PBXFileReference; lastKnownFileType = sourcecode.swift; path = TodayUITestsLaunchTests.swift; sourceTree = "<group>"; };
		BFF37CF92964A62A001DDF41 /* Reminder.swift */ = {isa = PBXFileReference; lastKnownFileType = sourcecode.swift; path = Reminder.swift; sourceTree = "<group>"; };
		BFF37CFB2964B601001DDF41 /* Date+Today.swift */ = {isa = PBXFileReference; lastKnownFileType = sourcecode.swift; path = "Date+Today.swift"; sourceTree = "<group>"; };
		BFF37CFE2964BAB9001DDF41 /* ReminderListViewController+DataSource.swift */ = {isa = PBXFileReference; lastKnownFileType = sourcecode.swift; path = "ReminderListViewController+DataSource.swift"; sourceTree = "<group>"; };
		BFF37D002964BF41001DDF41 /* UIColor+Today.swift */ = {isa = PBXFileReference; fileEncoding = 4; lastKnownFileType = sourcecode.swift; path = "UIColor+Today.swift"; sourceTree = "<group>"; };
		BFF37D022966129D001DDF41 /* ReminderDoneButton.swift */ = {isa = PBXFileReference; lastKnownFileType = sourcecode.swift; path = ReminderDoneButton.swift; sourceTree = "<group>"; };
		BFF37D04296613AB001DDF41 /* ReminderListViewController+Actions.swift */ = {isa = PBXFileReference; lastKnownFileType = sourcecode.swift; path = "ReminderListViewController+Actions.swift"; sourceTree = "<group>"; };
		BFF37D062966BDA2001DDF41 /* ReminderViewController.swift */ = {isa = PBXFileReference; lastKnownFileType = sourcecode.swift; path = ReminderViewController.swift; sourceTree = "<group>"; };
		BFF37D092966C01C001DDF41 /* ReminderViewController+row.swift */ = {isa = PBXFileReference; lastKnownFileType = sourcecode.swift; path = "ReminderViewController+row.swift"; sourceTree = "<group>"; };
		BFF37D0B2966D52E001DDF41 /* ReminderViewController+Section.swift */ = {isa = PBXFileReference; lastKnownFileType = sourcecode.swift; path = "ReminderViewController+Section.swift"; sourceTree = "<group>"; };
		BFF37D0D296B3F57001DDF41 /* PriorityContentView.swift */ = {isa = PBXFileReference; lastKnownFileType = sourcecode.swift; path = PriorityContentView.swift; sourceTree = "<group>"; };
		BFF37D13296B49CC001DDF41 /* ReminderContentConfiguration.swift */ = {isa = PBXFileReference; lastKnownFileType = sourcecode.swift; path = ReminderContentConfiguration.swift; sourceTree = "<group>"; };
		BFF37D15296B4C3D001DDF41 /* ReminderViewController+CellConfiguration.swift */ = {isa = PBXFileReference; lastKnownFileType = sourcecode.swift; path = "ReminderViewController+CellConfiguration.swift"; sourceTree = "<group>"; };
		BFF37D18296B50E2001DDF41 /* UIView+PinnedSubview.swift */ = {isa = PBXFileReference; lastKnownFileType = sourcecode.swift; path = "UIView+PinnedSubview.swift"; sourceTree = "<group>"; };
		BFF37D1A296B53F9001DDF41 /* TextfieldContentView.swift */ = {isa = PBXFileReference; lastKnownFileType = sourcecode.swift; path = TextfieldContentView.swift; sourceTree = "<group>"; };
		BFF37D1C296B5649001DDF41 /* Configuration+Stateless.swift */ = {isa = PBXFileReference; lastKnownFileType = sourcecode.swift; path = "Configuration+Stateless.swift"; sourceTree = "<group>"; };
		BFF37D1E296DEC0D001DDF41 /* TextViewContentView.swift */ = {isa = PBXFileReference; lastKnownFileType = sourcecode.swift; path = TextViewContentView.swift; sourceTree = "<group>"; };
		BFF37D20296DED60001DDF41 /* DatePickerContentView.swift */ = {isa = PBXFileReference; lastKnownFileType = sourcecode.swift; path = DatePickerContentView.swift; sourceTree = "<group>"; };
/* End PBXFileReference section */

/* Begin PBXFrameworksBuildPhase section */
		BFF37CC22964A576001DDF41 /* Frameworks */ = {
			isa = PBXFrameworksBuildPhase;
			buildActionMask = 2147483647;
			files = (
			);
			runOnlyForDeploymentPostprocessing = 0;
		};
		BFF37CD82964A577001DDF41 /* Frameworks */ = {
			isa = PBXFrameworksBuildPhase;
			buildActionMask = 2147483647;
			files = (
			);
			runOnlyForDeploymentPostprocessing = 0;
		};
		BFF37CE22964A577001DDF41 /* Frameworks */ = {
			isa = PBXFrameworksBuildPhase;
			buildActionMask = 2147483647;
			files = (
			);
			runOnlyForDeploymentPostprocessing = 0;
		};
/* End PBXFrameworksBuildPhase section */

/* Begin PBXGroup section */
		BF50FF28297D280A00CA6544 /* Controller */ = {
			isa = PBXGroup;
			children = (
				BFF37D082966BFF1001DDF41 /* DetailViewController */,
				BFF37CFD2964BA7A001DDF41 /* ListViewController */,
			);
			path = Controller;
			sourceTree = "<group>";
		};
		BFF37CBC2964A576001DDF41 = {
			isa = PBXGroup;
			children = (
				BFF37CC72964A576001DDF41 /* Today */,
				BFF37CDE2964A577001DDF41 /* TodayTests */,
				BFF37CE82964A577001DDF41 /* TodayUITests */,
				BFF37CC62964A576001DDF41 /* Products */,
			);
			sourceTree = "<group>";
		};
		BFF37CC62964A576001DDF41 /* Products */ = {
			isa = PBXGroup;
			children = (
				BFF37CC52964A576001DDF41 /* Today.app */,
				BFF37CDB2964A577001DDF41 /* TodayTests.xctest */,
				BFF37CE52964A577001DDF41 /* TodayUITests.xctest */,
			);
			name = Products;
			sourceTree = "<group>";
		};
		BFF37CC72964A576001DDF41 /* Today */ = {
			isa = PBXGroup;
			children = (
				BF50FF28297D280A00CA6544 /* Controller */,
				BFF37D17296B5066001DDF41 /* ContentViews */,
				BFF37CF82964A616001DDF41 /* Models */,
				BFF37CC82964A576001DDF41 /* AppDelegate.swift */,
				BFF37CCA2964A576001DDF41 /* SceneDelegate.swift */,
				BFF37CCE2964A576001DDF41 /* Main.storyboard */,
				BFF37CD12964A577001DDF41 /* Assets.xcassets */,
				BFF37CD32964A577001DDF41 /* LaunchScreen.storyboard */,
				BFF37CD62964A577001DDF41 /* Info.plist */,
				BFF37CFB2964B601001DDF41 /* Date+Today.swift */,
				BFF37D022966129D001DDF41 /* ReminderDoneButton.swift */,
				BFF37D0D296B3F57001DDF41 /* PriorityContentView.swift */,
				BFF37D13296B49CC001DDF41 /* ReminderContentConfiguration.swift */,
			);
			path = Today;
			sourceTree = "<group>";
		};
		BFF37CDE2964A577001DDF41 /* TodayTests */ = {
			isa = PBXGroup;
			children = (
				BFF37CDF2964A577001DDF41 /* TodayTests.swift */,
			);
			path = TodayTests;
			sourceTree = "<group>";
		};
		BFF37CE82964A577001DDF41 /* TodayUITests */ = {
			isa = PBXGroup;
			children = (
				BFF37CE92964A577001DDF41 /* TodayUITests.swift */,
				BFF37CEB2964A577001DDF41 /* TodayUITestsLaunchTests.swift */,
			);
			path = TodayUITests;
			sourceTree = "<group>";
		};
		BFF37CF82964A616001DDF41 /* Models */ = {
			isa = PBXGroup;
			children = (
				BFF37D002964BF41001DDF41 /* UIColor+Today.swift */,
				BFF37CF92964A62A001DDF41 /* Reminder.swift */,
				BFB135CF296E7DBE00311AA5 /* ReminderListStyle.swift */,
				BFB135D32970916000311AA5 /* CAGradientLayer+ListStyle.swift */,
				BFB135D5297125C300311AA5 /* TodayError.swift */,
				BFB135D72971268E00311AA5 /* EkEventStore+AsyncFetch.swift */,
				BFB135D92971383C00311AA5 /* Reminder+EKReminder.swift */,
				BFB135DB2971394300311AA5 /* ReminderStore.swift */,
				BFB135DD297149FD00311AA5 /* EKReminder+Reminder.swift */,
			);
			path = Models;
			sourceTree = "<group>";
		};
		BFF37CFD2964BA7A001DDF41 /* ListViewController */ = {
			isa = PBXGroup;
			children = (
				BFF37CCC2964A576001DDF41 /* ReminderListViewController.swift */,
				BFF37CFE2964BAB9001DDF41 /* ReminderListViewController+DataSource.swift */,
				BFF37D04296613AB001DDF41 /* ReminderListViewController+Actions.swift */,
				BFB135D1297084F100311AA5 /* ProgressHeaderView.swift */,
			);
			path = ListViewController;
			sourceTree = "<group>";
		};
		BFF37D082966BFF1001DDF41 /* DetailViewController */ = {
			isa = PBXGroup;
			children = (
				BFF37D062966BDA2001DDF41 /* ReminderViewController.swift */,
				BFF37D092966C01C001DDF41 /* ReminderViewController+row.swift */,
				BFF37D0B2966D52E001DDF41 /* ReminderViewController+Section.swift */,
				BFF37D15296B4C3D001DDF41 /* ReminderViewController+CellConfiguration.swift */,
			);
			path = DetailViewController;
			sourceTree = "<group>";
		};
		BFF37D17296B5066001DDF41 /* ContentViews */ = {
			isa = PBXGroup;
			children = (
				BFF37D18296B50E2001DDF41 /* UIView+PinnedSubview.swift */,
				BFF37D1A296B53F9001DDF41 /* TextfieldContentView.swift */,
				BFF37D1C296B5649001DDF41 /* Configuration+Stateless.swift */,
				BFF37D1E296DEC0D001DDF41 /* TextViewContentView.swift */,
				BFF37D20296DED60001DDF41 /* DatePickerContentView.swift */,
			);
			path = ContentViews;
			sourceTree = "<group>";
		};
/* End PBXGroup section */

/* Begin PBXNativeTarget section */
		BFF37CC42964A576001DDF41 /* Today */ = {
			isa = PBXNativeTarget;
			buildConfigurationList = BFF37CEF2964A577001DDF41 /* Build configuration list for PBXNativeTarget "Today" */;
			buildPhases = (
				BFF37CC12964A576001DDF41 /* Sources */,
				BFF37CC22964A576001DDF41 /* Frameworks */,
				BFF37CC32964A576001DDF41 /* Resources */,
			);
			buildRules = (
			);
			dependencies = (
			);
			name = Today;
			productName = Today;
			productReference = BFF37CC52964A576001DDF41 /* Today.app */;
			productType = "com.apple.product-type.application";
		};
		BFF37CDA2964A577001DDF41 /* TodayTests */ = {
			isa = PBXNativeTarget;
			buildConfigurationList = BFF37CF22964A577001DDF41 /* Build configuration list for PBXNativeTarget "TodayTests" */;
			buildPhases = (
				BFF37CD72964A577001DDF41 /* Sources */,
				BFF37CD82964A577001DDF41 /* Frameworks */,
				BFF37CD92964A577001DDF41 /* Resources */,
			);
			buildRules = (
			);
			dependencies = (
				BFF37CDD2964A577001DDF41 /* PBXTargetDependency */,
			);
			name = TodayTests;
			productName = TodayTests;
			productReference = BFF37CDB2964A577001DDF41 /* TodayTests.xctest */;
			productType = "com.apple.product-type.bundle.unit-test";
		};
		BFF37CE42964A577001DDF41 /* TodayUITests */ = {
			isa = PBXNativeTarget;
			buildConfigurationList = BFF37CF52964A577001DDF41 /* Build configuration list for PBXNativeTarget "TodayUITests" */;
			buildPhases = (
				BFF37CE12964A577001DDF41 /* Sources */,
				BFF37CE22964A577001DDF41 /* Frameworks */,
				BFF37CE32964A577001DDF41 /* Resources */,
			);
			buildRules = (
			);
			dependencies = (
				BFF37CE72964A577001DDF41 /* PBXTargetDependency */,
			);
			name = TodayUITests;
			productName = TodayUITests;
			productReference = BFF37CE52964A577001DDF41 /* TodayUITests.xctest */;
			productType = "com.apple.product-type.bundle.ui-testing";
		};
/* End PBXNativeTarget section */

/* Begin PBXProject section */
		BFF37CBD2964A576001DDF41 /* Project object */ = {
			isa = PBXProject;
			attributes = {
				BuildIndependentTargetsInParallel = 1;
				LastSwiftUpdateCheck = 1420;
				LastUpgradeCheck = 1420;
				TargetAttributes = {
					BFF37CC42964A576001DDF41 = {
						CreatedOnToolsVersion = 14.2;
					};
					BFF37CDA2964A577001DDF41 = {
						CreatedOnToolsVersion = 14.2;
						TestTargetID = BFF37CC42964A576001DDF41;
					};
					BFF37CE42964A577001DDF41 = {
						CreatedOnToolsVersion = 14.2;
						TestTargetID = BFF37CC42964A576001DDF41;
					};
				};
			};
			buildConfigurationList = BFF37CC02964A576001DDF41 /* Build configuration list for PBXProject "Today" */;
			compatibilityVersion = "Xcode 14.0";
			developmentRegion = en;
			hasScannedForEncodings = 0;
			knownRegions = (
				en,
				Base,
			);
			mainGroup = BFF37CBC2964A576001DDF41;
			productRefGroup = BFF37CC62964A576001DDF41 /* Products */;
			projectDirPath = "";
			projectRoot = "";
			targets = (
				BFF37CC42964A576001DDF41 /* Today */,
				BFF37CDA2964A577001DDF41 /* TodayTests */,
				BFF37CE42964A577001DDF41 /* TodayUITests */,
			);
		};
/* End PBXProject section */

/* Begin PBXResourcesBuildPhase section */
		BFF37CC32964A576001DDF41 /* Resources */ = {
			isa = PBXResourcesBuildPhase;
			buildActionMask = 2147483647;
			files = (
				BFF37CD52964A577001DDF41 /* LaunchScreen.storyboard in Resources */,
				BFF37CD22964A577001DDF41 /* Assets.xcassets in Resources */,
				BFF37CD02964A576001DDF41 /* Main.storyboard in Resources */,
			);
			runOnlyForDeploymentPostprocessing = 0;
		};
		BFF37CD92964A577001DDF41 /* Resources */ = {
			isa = PBXResourcesBuildPhase;
			buildActionMask = 2147483647;
			files = (
			);
			runOnlyForDeploymentPostprocessing = 0;
		};
		BFF37CE32964A577001DDF41 /* Resources */ = {
			isa = PBXResourcesBuildPhase;
			buildActionMask = 2147483647;
			files = (
			);
			runOnlyForDeploymentPostprocessing = 0;
		};
/* End PBXResourcesBuildPhase section */

/* Begin PBXSourcesBuildPhase section */
		BFF37CC12964A576001DDF41 /* Sources */ = {
			isa = PBXSourcesBuildPhase;
			buildActionMask = 2147483647;
			files = (
				BFF37D0C2966D52E001DDF41 /* ReminderViewController+Section.swift in Sources */,
				BFF37D1D296B5649001DDF41 /* Configuration+Stateless.swift in Sources */,
				BFB135DC2971394300311AA5 /* ReminderStore.swift in Sources */,
				BFF37D012964BF41001DDF41 /* UIColor+Today.swift in Sources */,
				BFF37D14296B49CC001DDF41 /* ReminderContentConfiguration.swift in Sources */,
				BFF37D05296613AB001DDF41 /* ReminderListViewController+Actions.swift in Sources */,
				BFF37D072966BDA2001DDF41 /* ReminderViewController.swift in Sources */,
				BFB135DE297149FD00311AA5 /* EKReminder+Reminder.swift in Sources */,
				BFB135D6297125C300311AA5 /* TodayError.swift in Sources */,
				BFF37D16296B4C3D001DDF41 /* ReminderViewController+CellConfiguration.swift in Sources */,
				BFF37D0A2966C01C001DDF41 /* ReminderViewController+row.swift in Sources */,
				BFF37CCD2964A576001DDF41 /* ReminderListViewController.swift in Sources */,
				BFF37D1F296DEC0D001DDF41 /* TextViewContentView.swift in Sources */,
				BFB135D42970916000311AA5 /* CAGradientLayer+ListStyle.swift in Sources */,
				BFF37CFC2964B601001DDF41 /* Date+Today.swift in Sources */,
				BFF37D032966129D001DDF41 /* ReminderDoneButton.swift in Sources */,
				BFB135D0296E7DBE00311AA5 /* ReminderListStyle.swift in Sources */,
				BFF37CC92964A576001DDF41 /* AppDelegate.swift in Sources */,
				BFF37CCB2964A576001DDF41 /* SceneDelegate.swift in Sources */,
				BFF37D19296B50E2001DDF41 /* UIView+PinnedSubview.swift in Sources */,
				BFF37D0E296B3F57001DDF41 /* PriorityContentView.swift in Sources */,
				BFF37D21296DED60001DDF41 /* DatePickerContentView.swift in Sources */,
				BFF37CFA2964A62A001DDF41 /* Reminder.swift in Sources */,
				BFB135D82971268E00311AA5 /* EkEventStore+AsyncFetch.swift in Sources */,
				BFF37CFF2964BAB9001DDF41 /* ReminderListViewController+DataSource.swift in Sources */,
				BFB135D2297084F100311AA5 /* ProgressHeaderView.swift in Sources */,
				BFF37D1B296B53F9001DDF41 /* TextfieldContentView.swift in Sources */,
				BFB135DA2971383C00311AA5 /* Reminder+EKReminder.swift in Sources */,
			);
			runOnlyForDeploymentPostprocessing = 0;
		};
		BFF37CD72964A577001DDF41 /* Sources */ = {
			isa = PBXSourcesBuildPhase;
			buildActionMask = 2147483647;
			files = (
				BFF37CE02964A577001DDF41 /* TodayTests.swift in Sources */,
			);
			runOnlyForDeploymentPostprocessing = 0;
		};
		BFF37CE12964A577001DDF41 /* Sources */ = {
			isa = PBXSourcesBuildPhase;
			buildActionMask = 2147483647;
			files = (
				BFF37CEC2964A577001DDF41 /* TodayUITestsLaunchTests.swift in Sources */,
				BFF37CEA2964A577001DDF41 /* TodayUITests.swift in Sources */,
			);
			runOnlyForDeploymentPostprocessing = 0;
		};
/* End PBXSourcesBuildPhase section */

/* Begin PBXTargetDependency section */
		BFF37CDD2964A577001DDF41 /* PBXTargetDependency */ = {
			isa = PBXTargetDependency;
			target = BFF37CC42964A576001DDF41 /* Today */;
			targetProxy = BFF37CDC2964A577001DDF41 /* PBXContainerItemProxy */;
		};
		BFF37CE72964A577001DDF41 /* PBXTargetDependency */ = {
			isa = PBXTargetDependency;
			target = BFF37CC42964A576001DDF41 /* Today */;
			targetProxy = BFF37CE62964A577001DDF41 /* PBXContainerItemProxy */;
		};
/* End PBXTargetDependency section */

/* Begin PBXVariantGroup section */
		BFF37CCE2964A576001DDF41 /* Main.storyboard */ = {
			isa = PBXVariantGroup;
			children = (
				BFF37CCF2964A576001DDF41 /* Base */,
			);
			name = Main.storyboard;
			sourceTree = "<group>";
		};
		BFF37CD32964A577001DDF41 /* LaunchScreen.storyboard */ = {
			isa = PBXVariantGroup;
			children = (
				BFF37CD42964A577001DDF41 /* Base */,
			);
			name = LaunchScreen.storyboard;
			sourceTree = "<group>";
		};
/* End PBXVariantGroup section */

/* Begin XCBuildConfiguration section */
		BFF37CED2964A577001DDF41 /* Debug */ = {
			isa = XCBuildConfiguration;
			buildSettings = {
				ALWAYS_SEARCH_USER_PATHS = NO;
				CLANG_ANALYZER_NONNULL = YES;
				CLANG_ANALYZER_NUMBER_OBJECT_CONVERSION = YES_AGGRESSIVE;
				CLANG_CXX_LANGUAGE_STANDARD = "gnu++20";
				CLANG_ENABLE_MODULES = YES;
				CLANG_ENABLE_OBJC_ARC = YES;
				CLANG_ENABLE_OBJC_WEAK = YES;
				CLANG_WARN_BLOCK_CAPTURE_AUTORELEASING = YES;
				CLANG_WARN_BOOL_CONVERSION = YES;
				CLANG_WARN_COMMA = YES;
				CLANG_WARN_CONSTANT_CONVERSION = YES;
				CLANG_WARN_DEPRECATED_OBJC_IMPLEMENTATIONS = YES;
				CLANG_WARN_DIRECT_OBJC_ISA_USAGE = YES_ERROR;
				CLANG_WARN_DOCUMENTATION_COMMENTS = YES;
				CLANG_WARN_EMPTY_BODY = YES;
				CLANG_WARN_ENUM_CONVERSION = YES;
				CLANG_WARN_INFINITE_RECURSION = YES;
				CLANG_WARN_INT_CONVERSION = YES;
				CLANG_WARN_NON_LITERAL_NULL_CONVERSION = YES;
				CLANG_WARN_OBJC_IMPLICIT_RETAIN_SELF = YES;
				CLANG_WARN_OBJC_LITERAL_CONVERSION = YES;
				CLANG_WARN_OBJC_ROOT_CLASS = YES_ERROR;
				CLANG_WARN_QUOTED_INCLUDE_IN_FRAMEWORK_HEADER = YES;
				CLANG_WARN_RANGE_LOOP_ANALYSIS = YES;
				CLANG_WARN_STRICT_PROTOTYPES = YES;
				CLANG_WARN_SUSPICIOUS_MOVE = YES;
				CLANG_WARN_UNGUARDED_AVAILABILITY = YES_AGGRESSIVE;
				CLANG_WARN_UNREACHABLE_CODE = YES;
				CLANG_WARN__DUPLICATE_METHOD_MATCH = YES;
				COPY_PHASE_STRIP = NO;
				DEBUG_INFORMATION_FORMAT = dwarf;
				ENABLE_STRICT_OBJC_MSGSEND = YES;
				ENABLE_TESTABILITY = YES;
				GCC_C_LANGUAGE_STANDARD = gnu11;
				GCC_DYNAMIC_NO_PIC = NO;
				GCC_NO_COMMON_BLOCKS = YES;
				GCC_OPTIMIZATION_LEVEL = 0;
				GCC_PREPROCESSOR_DEFINITIONS = (
					"DEBUG=1",
					"$(inherited)",
				);
				GCC_WARN_64_TO_32_BIT_CONVERSION = YES;
				GCC_WARN_ABOUT_RETURN_TYPE = YES_ERROR;
				GCC_WARN_UNDECLARED_SELECTOR = YES;
				GCC_WARN_UNINITIALIZED_AUTOS = YES_AGGRESSIVE;
				GCC_WARN_UNUSED_FUNCTION = YES;
				GCC_WARN_UNUSED_VARIABLE = YES;
				IPHONEOS_DEPLOYMENT_TARGET = 16.2;
				MTL_ENABLE_DEBUG_INFO = INCLUDE_SOURCE;
				MTL_FAST_MATH = YES;
				ONLY_ACTIVE_ARCH = YES;
				SDKROOT = iphoneos;
				SWIFT_ACTIVE_COMPILATION_CONDITIONS = DEBUG;
				SWIFT_OPTIMIZATION_LEVEL = "-Onone";
			};
			name = Debug;
		};
		BFF37CEE2964A577001DDF41 /* Release */ = {
			isa = XCBuildConfiguration;
			buildSettings = {
				ALWAYS_SEARCH_USER_PATHS = NO;
				CLANG_ANALYZER_NONNULL = YES;
				CLANG_ANALYZER_NUMBER_OBJECT_CONVERSION = YES_AGGRESSIVE;
				CLANG_CXX_LANGUAGE_STANDARD = "gnu++20";
				CLANG_ENABLE_MODULES = YES;
				CLANG_ENABLE_OBJC_ARC = YES;
				CLANG_ENABLE_OBJC_WEAK = YES;
				CLANG_WARN_BLOCK_CAPTURE_AUTORELEASING = YES;
				CLANG_WARN_BOOL_CONVERSION = YES;
				CLANG_WARN_COMMA = YES;
				CLANG_WARN_CONSTANT_CONVERSION = YES;
				CLANG_WARN_DEPRECATED_OBJC_IMPLEMENTATIONS = YES;
				CLANG_WARN_DIRECT_OBJC_ISA_USAGE = YES_ERROR;
				CLANG_WARN_DOCUMENTATION_COMMENTS = YES;
				CLANG_WARN_EMPTY_BODY = YES;
				CLANG_WARN_ENUM_CONVERSION = YES;
				CLANG_WARN_INFINITE_RECURSION = YES;
				CLANG_WARN_INT_CONVERSION = YES;
				CLANG_WARN_NON_LITERAL_NULL_CONVERSION = YES;
				CLANG_WARN_OBJC_IMPLICIT_RETAIN_SELF = YES;
				CLANG_WARN_OBJC_LITERAL_CONVERSION = YES;
				CLANG_WARN_OBJC_ROOT_CLASS = YES_ERROR;
				CLANG_WARN_QUOTED_INCLUDE_IN_FRAMEWORK_HEADER = YES;
				CLANG_WARN_RANGE_LOOP_ANALYSIS = YES;
				CLANG_WARN_STRICT_PROTOTYPES = YES;
				CLANG_WARN_SUSPICIOUS_MOVE = YES;
				CLANG_WARN_UNGUARDED_AVAILABILITY = YES_AGGRESSIVE;
				CLANG_WARN_UNREACHABLE_CODE = YES;
				CLANG_WARN__DUPLICATE_METHOD_MATCH = YES;
				COPY_PHASE_STRIP = NO;
				DEBUG_INFORMATION_FORMAT = "dwarf-with-dsym";
				ENABLE_NS_ASSERTIONS = NO;
				ENABLE_STRICT_OBJC_MSGSEND = YES;
				GCC_C_LANGUAGE_STANDARD = gnu11;
				GCC_NO_COMMON_BLOCKS = YES;
				GCC_WARN_64_TO_32_BIT_CONVERSION = YES;
				GCC_WARN_ABOUT_RETURN_TYPE = YES_ERROR;
				GCC_WARN_UNDECLARED_SELECTOR = YES;
				GCC_WARN_UNINITIALIZED_AUTOS = YES_AGGRESSIVE;
				GCC_WARN_UNUSED_FUNCTION = YES;
				GCC_WARN_UNUSED_VARIABLE = YES;
				IPHONEOS_DEPLOYMENT_TARGET = 16.2;
				MTL_ENABLE_DEBUG_INFO = NO;
				MTL_FAST_MATH = YES;
				SDKROOT = iphoneos;
				SWIFT_COMPILATION_MODE = wholemodule;
				SWIFT_OPTIMIZATION_LEVEL = "-O";
				VALIDATE_PRODUCT = YES;
			};
			name = Release;
		};
		BFF37CF02964A577001DDF41 /* Debug */ = {
			isa = XCBuildConfiguration;
			buildSettings = {
				ASSETCATALOG_COMPILER_APPICON_NAME = AppIcon;
				ASSETCATALOG_COMPILER_GLOBAL_ACCENT_COLOR_NAME = AccentColor;
				CODE_SIGN_STYLE = Automatic;
				CURRENT_PROJECT_VERSION = 1;
				DEVELOPMENT_TEAM = 8ACASK54TM;
				GENERATE_INFOPLIST_FILE = YES;
				INFOPLIST_FILE = Today/Info.plist;
				INFOPLIST_KEY_NSRemindersUsageDescription = "Your reminders can help you stay on track";
				INFOPLIST_KEY_UIApplicationSupportsIndirectInputEvents = YES;
				INFOPLIST_KEY_UILaunchStoryboardName = LaunchScreen;
				INFOPLIST_KEY_UIMainStoryboardFile = Main;
				INFOPLIST_KEY_UISupportedInterfaceOrientations_iPad = "UIInterfaceOrientationPortrait UIInterfaceOrientationPortraitUpsideDown UIInterfaceOrientationLandscapeLeft UIInterfaceOrientationLandscapeRight";
				INFOPLIST_KEY_UISupportedInterfaceOrientations_iPhone = "UIInterfaceOrientationPortrait UIInterfaceOrientationLandscapeLeft UIInterfaceOrientationLandscapeRight";
				LD_RUNPATH_SEARCH_PATHS = (
					"$(inherited)",
					"@executable_path/Frameworks",
				);
				MARKETING_VERSION = 1.0;
				PRODUCT_BUNDLE_IDENTIFIER = time.Today;
				PRODUCT_NAME = "$(TARGET_NAME)";
				SWIFT_EMIT_LOC_STRINGS = YES;
				SWIFT_VERSION = 5.0;
				TARGETED_DEVICE_FAMILY = "1,2";
			};
			name = Debug;
		};
		BFF37CF12964A577001DDF41 /* Release */ = {
			isa = XCBuildConfiguration;
			buildSettings = {
				ASSETCATALOG_COMPILER_APPICON_NAME = AppIcon;
				ASSETCATALOG_COMPILER_GLOBAL_ACCENT_COLOR_NAME = AccentColor;
				CODE_SIGN_STYLE = Automatic;
				CURRENT_PROJECT_VERSION = 1;
				DEVELOPMENT_TEAM = 8ACASK54TM;
				GENERATE_INFOPLIST_FILE = YES;
				INFOPLIST_FILE = Today/Info.plist;
				INFOPLIST_KEY_NSRemindersUsageDescription = "Your reminders can help you stay on track";
				INFOPLIST_KEY_UIApplicationSupportsIndirectInputEvents = YES;
				INFOPLIST_KEY_UILaunchStoryboardName = LaunchScreen;
				INFOPLIST_KEY_UIMainStoryboardFile = Main;
				INFOPLIST_KEY_UISupportedInterfaceOrientations_iPad = "UIInterfaceOrientationPortrait UIInterfaceOrientationPortraitUpsideDown UIInterfaceOrientationLandscapeLeft UIInterfaceOrientationLandscapeRight";
				INFOPLIST_KEY_UISupportedInterfaceOrientations_iPhone = "UIInterfaceOrientationPortrait UIInterfaceOrientationLandscapeLeft UIInterfaceOrientationLandscapeRight";
				LD_RUNPATH_SEARCH_PATHS = (
					"$(inherited)",
					"@executable_path/Frameworks",
				);
				MARKETING_VERSION = 1.0;
				PRODUCT_BUNDLE_IDENTIFIER = time.Today;
				PRODUCT_NAME = "$(TARGET_NAME)";
				SWIFT_EMIT_LOC_STRINGS = YES;
				SWIFT_VERSION = 5.0;
				TARGETED_DEVICE_FAMILY = "1,2";
			};
			name = Release;
		};
		BFF37CF32964A577001DDF41 /* Debug */ = {
			isa = XCBuildConfiguration;
			buildSettings = {
				ALWAYS_EMBED_SWIFT_STANDARD_LIBRARIES = YES;
				BUNDLE_LOADER = "$(TEST_HOST)";
				CODE_SIGN_STYLE = Automatic;
				CURRENT_PROJECT_VERSION = 1;
				DEVELOPMENT_TEAM = 8ACASK54TM;
				GENERATE_INFOPLIST_FILE = YES;
				IPHONEOS_DEPLOYMENT_TARGET = 16.2;
				MARKETING_VERSION = 1.0;
				PRODUCT_BUNDLE_IDENTIFIER = time.TodayTests;
				PRODUCT_NAME = "$(TARGET_NAME)";
				SWIFT_EMIT_LOC_STRINGS = NO;
				SWIFT_VERSION = 5.0;
				TARGETED_DEVICE_FAMILY = "1,2";
				TEST_HOST = "$(BUILT_PRODUCTS_DIR)/Today.app/$(BUNDLE_EXECUTABLE_FOLDER_PATH)/Today";
			};
			name = Debug;
		};
		BFF37CF42964A577001DDF41 /* Release */ = {
			isa = XCBuildConfiguration;
			buildSettings = {
				ALWAYS_EMBED_SWIFT_STANDARD_LIBRARIES = YES;
				BUNDLE_LOADER = "$(TEST_HOST)";
				CODE_SIGN_STYLE = Automatic;
				CURRENT_PROJECT_VERSION = 1;
				DEVELOPMENT_TEAM = 8ACASK54TM;
				GENERATE_INFOPLIST_FILE = YES;
				IPHONEOS_DEPLOYMENT_TARGET = 16.2;
				MARKETING_VERSION = 1.0;
				PRODUCT_BUNDLE_IDENTIFIER = time.TodayTests;
				PRODUCT_NAME = "$(TARGET_NAME)";
				SWIFT_EMIT_LOC_STRINGS = NO;
				SWIFT_VERSION = 5.0;
				TARGETED_DEVICE_FAMILY = "1,2";
				TEST_HOST = "$(BUILT_PRODUCTS_DIR)/Today.app/$(BUNDLE_EXECUTABLE_FOLDER_PATH)/Today";
			};
			name = Release;
		};
		BFF37CF62964A577001DDF41 /* Debug */ = {
			isa = XCBuildConfiguration;
			buildSettings = {
				ALWAYS_EMBED_SWIFT_STANDARD_LIBRARIES = YES;
				CODE_SIGN_STYLE = Automatic;
				CURRENT_PROJECT_VERSION = 1;
				DEVELOPMENT_TEAM = 8ACASK54TM;
				GENERATE_INFOPLIST_FILE = YES;
				MARKETING_VERSION = 1.0;
				PRODUCT_BUNDLE_IDENTIFIER = time.TodayUITests;
				PRODUCT_NAME = "$(TARGET_NAME)";
				SWIFT_EMIT_LOC_STRINGS = NO;
				SWIFT_VERSION = 5.0;
				TARGETED_DEVICE_FAMILY = "1,2";
				TEST_TARGET_NAME = Today;
			};
			name = Debug;
		};
		BFF37CF72964A577001DDF41 /* Release */ = {
			isa = XCBuildConfiguration;
			buildSettings = {
				ALWAYS_EMBED_SWIFT_STANDARD_LIBRARIES = YES;
				CODE_SIGN_STYLE = Automatic;
				CURRENT_PROJECT_VERSION = 1;
				DEVELOPMENT_TEAM = 8ACASK54TM;
				GENERATE_INFOPLIST_FILE = YES;
				MARKETING_VERSION = 1.0;
				PRODUCT_BUNDLE_IDENTIFIER = time.TodayUITests;
				PRODUCT_NAME = "$(TARGET_NAME)";
				SWIFT_EMIT_LOC_STRINGS = NO;
				SWIFT_VERSION = 5.0;
				TARGETED_DEVICE_FAMILY = "1,2";
				TEST_TARGET_NAME = Today;
			};
			name = Release;
		};
/* End XCBuildConfiguration section */

/* Begin XCConfigurationList section */
		BFF37CC02964A576001DDF41 /* Build configuration list for PBXProject "Today" */ = {
			isa = XCConfigurationList;
			buildConfigurations = (
				BFF37CED2964A577001DDF41 /* Debug */,
				BFF37CEE2964A577001DDF41 /* Release */,
			);
			defaultConfigurationIsVisible = 0;
			defaultConfigurationName = Release;
		};
		BFF37CEF2964A577001DDF41 /* Build configuration list for PBXNativeTarget "Today" */ = {
			isa = XCConfigurationList;
			buildConfigurations = (
				BFF37CF02964A577001DDF41 /* Debug */,
				BFF37CF12964A577001DDF41 /* Release */,
			);
			defaultConfigurationIsVisible = 0;
			defaultConfigurationName = Release;
		};
		BFF37CF22964A577001DDF41 /* Build configuration list for PBXNativeTarget "TodayTests" */ = {
			isa = XCConfigurationList;
			buildConfigurations = (
				BFF37CF32964A577001DDF41 /* Debug */,
				BFF37CF42964A577001DDF41 /* Release */,
			);
			defaultConfigurationIsVisible = 0;
			defaultConfigurationName = Release;
		};
		BFF37CF52964A577001DDF41 /* Build configuration list for PBXNativeTarget "TodayUITests" */ = {
			isa = XCConfigurationList;
			buildConfigurations = (
				BFF37CF62964A577001DDF41 /* Debug */,
				BFF37CF72964A577001DDF41 /* Release */,
			);
			defaultConfigurationIsVisible = 0;
			defaultConfigurationName = Release;
		};
/* End XCConfigurationList section */
	};
	rootObject = BFF37CBD2964A576001DDF41 /* Project object */;
}
